// !$*UTF8*$!
{
	archiveVersion = 1;
	classes = {
	};
	objectVersion = 46;
	objects = {

/* Begin PBXBuildFile section */
		4A1C4FDC1E5CD47300797814 /* frozenOrb.png in Resources */ = {isa = PBXBuildFile; fileRef = 4A1C4FDB1E5CD47300797814 /* frozenOrb.png */; };
		4A6E680A1E6F47F60031B26F /* spriteSheet.png in Resources */ = {isa = PBXBuildFile; fileRef = 4A6E68091E6F47F60031B26F /* spriteSheet.png */; };
		4A6E680C1E6FFCCE0031B26F /* font2.png in Resources */ = {isa = PBXBuildFile; fileRef = 4A6E680B1E6FFCCE0031B26F /* font2.png */; };
		4AA234C71EB28DF00044AB3D /* SDL2_mixer.framework in Frameworks */ = {isa = PBXBuildFile; fileRef = 4AA234C61EB28DF00044AB3D /* SDL2_mixer.framework */; };
		4AA234CA1EB28F790044AB3D /* shoot.wav in Resources */ = {isa = PBXBuildFile; fileRef = 4AA234C91EB28F790044AB3D /* shoot.wav */; };
		4AA234CC1EB28F8D0044AB3D /* fireCombo.wav in Resources */ = {isa = PBXBuildFile; fileRef = 4AA234CB1EB28F8D0044AB3D /* fireCombo.wav */; };
		4AA234CE1EB28FF90044AB3D /* elemental.wav in Resources */ = {isa = PBXBuildFile; fileRef = 4AA234CD1EB28FF90044AB3D /* elemental.wav */; };
		4AA234D01EB291160044AB3D /* elemental.mp3 in Resources */ = {isa = PBXBuildFile; fileRef = 4AA234CF1EB291160044AB3D /* elemental.mp3 */; };
		4AA89A3E1EC4288900BF815F /* airBall.png in Resources */ = {isa = PBXBuildFile; fileRef = 4AA89A381EC4288900BF815F /* airBall.png */; };
		4AA89A401EC4288900BF815F /* fireBall.png in Resources */ = {isa = PBXBuildFile; fileRef = 4AA89A3A1EC4288900BF815F /* fireBall.png */; };
		4AA89A411EC4288900BF815F /* iceBall.png in Resources */ = {isa = PBXBuildFile; fileRef = 4AA89A3B1EC4288900BF815F /* iceBall.png */; };
		4AA89A421EC4288900BF815F /* lightningBall.png in Resources */ = {isa = PBXBuildFile; fileRef = 4AA89A3C1EC4288900BF815F /* lightningBall.png */; };
		4AA89A4A1EC42EBE00BF815F /* airCue.png in Resources */ = {isa = PBXBuildFile; fileRef = 4AA89A441EC42EBE00BF815F /* airCue.png */; };
		4AA89A4C1EC42EBE00BF815F /* fireCue.png in Resources */ = {isa = PBXBuildFile; fileRef = 4AA89A461EC42EBE00BF815F /* fireCue.png */; };
		4AA89A4D1EC42EBE00BF815F /* iceCue.png in Resources */ = {isa = PBXBuildFile; fileRef = 4AA89A471EC42EBE00BF815F /* iceCue.png */; };
		4AA89A4E1EC42EBE00BF815F /* lightningCue.png in Resources */ = {isa = PBXBuildFile; fileRef = 4AA89A481EC42EBE00BF815F /* lightningCue.png */; };
		4AA89A511EC4406C00BF815F /* cyanWall.png in Resources */ = {isa = PBXBuildFile; fileRef = 4AA89A501EC4406C00BF815F /* cyanWall.png */; };
		4AA89A531EC445F600BF815F /* barVertical.png in Resources */ = {isa = PBXBuildFile; fileRef = 4AA89A521EC445F500BF815F /* barVertical.png */; };
		4AA89A551EC4F2D200BF815F /* 1.png in Resources */ = {isa = PBXBuildFile; fileRef = 4AA89A541EC4F2D200BF815F /* 1.png */; };
		4AA89A571EC4F2D900BF815F /* 2.png in Resources */ = {isa = PBXBuildFile; fileRef = 4AA89A561EC4F2D900BF815F /* 2.png */; };
		4AA89A591EC4F2DD00BF815F /* 3.png in Resources */ = {isa = PBXBuildFile; fileRef = 4AA89A581EC4F2DD00BF815F /* 3.png */; };
		4AA89A5F1EC4F2F300BF815F /* 0.png in Resources */ = {isa = PBXBuildFile; fileRef = 4AA89A5E1EC4F2F300BF815F /* 0.png */; };
		4AA89A611EC51E3000BF815F /* 5.png in Resources */ = {isa = PBXBuildFile; fileRef = 4AA89A601EC51E3000BF815F /* 5.png */; };
		4AA89A651EC51E3C00BF815F /* 4.png in Resources */ = {isa = PBXBuildFile; fileRef = 4AA89A641EC51E3C00BF815F /* 4.png */; };
		4AA89A691EC72A1300BF815F /* winnerSquare.png in Resources */ = {isa = PBXBuildFile; fileRef = 4AA89A681EC72A1300BF815F /* winnerSquare.png */; };
		4AA89A6D1EC759B100BF815F /* flame.png in Resources */ = {isa = PBXBuildFile; fileRef = 4AA89A6C1EC759B100BF815F /* flame.png */; };
		4AA89A6F1EC7649200BF815F /* cue.wav in Resources */ = {isa = PBXBuildFile; fileRef = 4AA89A6E1EC7649200BF815F /* cue.wav */; };
		4AA89A711EC77AFE00BF815F /* backGround.png in Resources */ = {isa = PBXBuildFile; fileRef = 4AA89A701EC77AFE00BF815F /* backGround.png */; };
		6D5A86AE19AE5C710066C1FD /* Cocoa.framework in Frameworks */ = {isa = PBXBuildFile; fileRef = 6D5A86AD19AE5C710066C1FD /* Cocoa.framework */; };
		6D5A86B819AE5C710066C1FD /* InfoPlist.strings in Resources */ = {isa = PBXBuildFile; fileRef = 6D5A86B619AE5C710066C1FD /* InfoPlist.strings */; };
		6D5A86BA19AE5C710066C1FD /* main.cpp in Sources */ = {isa = PBXBuildFile; fileRef = 6D5A86B919AE5C710066C1FD /* main.cpp */; };
		6D5A86BE19AE5C710066C1FD /* Credits.rtf in Resources */ = {isa = PBXBuildFile; fileRef = 6D5A86BC19AE5C710066C1FD /* Credits.rtf */; };
		6D5A86C619AE5C710066C1FD /* Images.xcassets in Resources */ = {isa = PBXBuildFile; fileRef = 6D5A86C519AE5C710066C1FD /* Images.xcassets */; };
		6D5A86E319AE5CD10066C1FD /* SDL2.framework in Frameworks */ = {isa = PBXBuildFile; fileRef = 6D5A86E219AE5CD10066C1FD /* SDL2.framework */; };
		6D5AC2D019AE6280004CB1BF /* OpenGL.framework in Frameworks */ = {isa = PBXBuildFile; fileRef = 6D5AC2CF19AE6280004CB1BF /* OpenGL.framework */; };
		6D5AC2D219AE6A1E004CB1BF /* SDL2_image.framework in Frameworks */ = {isa = PBXBuildFile; fileRef = 6D5AC2D119AE6A1E004CB1BF /* SDL2_image.framework */; };
		6DC7076A1BA7273500225B7D /* vertex_textured.glsl in Resources */ = {isa = PBXBuildFile; fileRef = 6DC707691BA7273500225B7D /* vertex_textured.glsl */; };
		6DE9D2F11BA6AB8C002D599C /* fragment_textured.glsl in Resources */ = {isa = PBXBuildFile; fileRef = 6DE9D2F01BA6AB8C002D599C /* fragment_textured.glsl */; };
		6DEF23C11B96CC2600BCE792 /* fragment.glsl in Resources */ = {isa = PBXBuildFile; fileRef = 6DEF23BB1B96CC2600BCE792 /* fragment.glsl */; };
		6DEF23C21B96CC2600BCE792 /* Matrix.cpp in Sources */ = {isa = PBXBuildFile; fileRef = 6DEF23BC1B96CC2600BCE792 /* Matrix.cpp */; };
		6DEF23C31B96CC2600BCE792 /* ShaderProgram.cpp in Sources */ = {isa = PBXBuildFile; fileRef = 6DEF23BE1B96CC2600BCE792 /* ShaderProgram.cpp */; };
		6DEF23C41B96CC2600BCE792 /* vertex.glsl in Resources */ = {isa = PBXBuildFile; fileRef = 6DEF23C01B96CC2600BCE792 /* vertex.glsl */; };
/* End PBXBuildFile section */

/* Begin PBXFileReference section */
		4A1C4FDB1E5CD47300797814 /* frozenOrb.png */ = {isa = PBXFileReference; lastKnownFileType = image.png; path = frozenOrb.png; sourceTree = "<group>"; };
		4A6E68091E6F47F60031B26F /* spriteSheet.png */ = {isa = PBXFileReference; lastKnownFileType = image.png; path = spriteSheet.png; sourceTree = "<group>"; };
		4A6E680B1E6FFCCE0031B26F /* font2.png */ = {isa = PBXFileReference; lastKnownFileType = image.png; path = font2.png; sourceTree = "<group>"; };
		4AA234C61EB28DF00044AB3D /* SDL2_mixer.framework */ = {isa = PBXFileReference; lastKnownFileType = wrapper.framework; path = SDL2_mixer.framework; sourceTree = "<group>"; };
		4AA234C81EB28F0C0044AB3D /* SDL_mixer.h */ = {isa = PBXFileReference; lastKnownFileType = sourcecode.c.h; path = SDL_mixer.h; sourceTree = "<group>"; };
		4AA234C91EB28F790044AB3D /* shoot.wav */ = {isa = PBXFileReference; lastKnownFileType = audio.wav; path = shoot.wav; sourceTree = "<group>"; };
		4AA234CB1EB28F8D0044AB3D /* fireCombo.wav */ = {isa = PBXFileReference; lastKnownFileType = audio.wav; path = fireCombo.wav; sourceTree = "<group>"; };
		4AA234CD1EB28FF90044AB3D /* elemental.wav */ = {isa = PBXFileReference; lastKnownFileType = audio.wav; path = elemental.wav; sourceTree = "<group>"; };
		4AA234CF1EB291160044AB3D /* elemental.mp3 */ = {isa = PBXFileReference; lastKnownFileType = audio.mp3; path = elemental.mp3; sourceTree = "<group>"; };
		4AA89A381EC4288900BF815F /* airBall.png */ = {isa = PBXFileReference; lastKnownFileType = image.png; path = airBall.png; sourceTree = "<group>"; };
		4AA89A3A1EC4288900BF815F /* fireBall.png */ = {isa = PBXFileReference; lastKnownFileType = image.png; path = fireBall.png; sourceTree = "<group>"; };
		4AA89A3B1EC4288900BF815F /* iceBall.png */ = {isa = PBXFileReference; lastKnownFileType = image.png; path = iceBall.png; sourceTree = "<group>"; };
		4AA89A3C1EC4288900BF815F /* lightningBall.png */ = {isa = PBXFileReference; lastKnownFileType = image.png; path = lightningBall.png; sourceTree = "<group>"; };
		4AA89A441EC42EBE00BF815F /* airCue.png */ = {isa = PBXFileReference; lastKnownFileType = image.png; path = airCue.png; sourceTree = "<group>"; };
		4AA89A461EC42EBE00BF815F /* fireCue.png */ = {isa = PBXFileReference; lastKnownFileType = image.png; path = fireCue.png; sourceTree = "<group>"; };
		4AA89A471EC42EBE00BF815F /* iceCue.png */ = {isa = PBXFileReference; lastKnownFileType = image.png; path = iceCue.png; sourceTree = "<group>"; };
		4AA89A481EC42EBE00BF815F /* lightningCue.png */ = {isa = PBXFileReference; lastKnownFileType = image.png; path = lightningCue.png; sourceTree = "<group>"; };
		4AA89A501EC4406C00BF815F /* cyanWall.png */ = {isa = PBXFileReference; lastKnownFileType = image.png; path = cyanWall.png; sourceTree = "<group>"; };
		4AA89A521EC445F500BF815F /* barVertical.png */ = {isa = PBXFileReference; lastKnownFileType = image.png; path = barVertical.png; sourceTree = "<group>"; };
		4AA89A541EC4F2D200BF815F /* 1.png */ = {isa = PBXFileReference; lastKnownFileType = image.png; path = 1.png; sourceTree = "<group>"; };
		4AA89A561EC4F2D900BF815F /* 2.png */ = {isa = PBXFileReference; lastKnownFileType = image.png; path = 2.png; sourceTree = "<group>"; };
		4AA89A581EC4F2DD00BF815F /* 3.png */ = {isa = PBXFileReference; lastKnownFileType = image.png; path = 3.png; sourceTree = "<group>"; };
		4AA89A5E1EC4F2F300BF815F /* 0.png */ = {isa = PBXFileReference; lastKnownFileType = image.png; path = 0.png; sourceTree = "<group>"; };
		4AA89A601EC51E3000BF815F /* 5.png */ = {isa = PBXFileReference; lastKnownFileType = image.png; path = 5.png; sourceTree = "<group>"; };
		4AA89A641EC51E3C00BF815F /* 4.png */ = {isa = PBXFileReference; lastKnownFileType = image.png; path = 4.png; sourceTree = "<group>"; };
		4AA89A681EC72A1300BF815F /* winnerSquare.png */ = {isa = PBXFileReference; lastKnownFileType = image.png; path = winnerSquare.png; sourceTree = "<group>"; };
		4AA89A6C1EC759B100BF815F /* flame.png */ = {isa = PBXFileReference; lastKnownFileType = image.png; path = flame.png; sourceTree = "<group>"; };
		4AA89A6E1EC7649200BF815F /* cue.wav */ = {isa = PBXFileReference; lastKnownFileType = audio.wav; path = cue.wav; sourceTree = "<group>"; };
		4AA89A701EC77AFE00BF815F /* backGround.png */ = {isa = PBXFileReference; lastKnownFileType = image.png; path = backGround.png; sourceTree = "<group>"; };
		6D5A86AA19AE5C710066C1FD /* NYUCodebase.app */ = {isa = PBXFileReference; explicitFileType = wrapper.application; includeInIndex = 0; path = NYUCodebase.app; sourceTree = BUILT_PRODUCTS_DIR; };
		6D5A86AD19AE5C710066C1FD /* Cocoa.framework */ = {isa = PBXFileReference; lastKnownFileType = wrapper.framework; name = Cocoa.framework; path = System/Library/Frameworks/Cocoa.framework; sourceTree = SDKROOT; };
		6D5A86B019AE5C710066C1FD /* AppKit.framework */ = {isa = PBXFileReference; lastKnownFileType = wrapper.framework; name = AppKit.framework; path = System/Library/Frameworks/AppKit.framework; sourceTree = SDKROOT; };
		6D5A86B119AE5C710066C1FD /* CoreData.framework */ = {isa = PBXFileReference; lastKnownFileType = wrapper.framework; name = CoreData.framework; path = System/Library/Frameworks/CoreData.framework; sourceTree = SDKROOT; };
		6D5A86B219AE5C710066C1FD /* Foundation.framework */ = {isa = PBXFileReference; lastKnownFileType = wrapper.framework; name = Foundation.framework; path = System/Library/Frameworks/Foundation.framework; sourceTree = SDKROOT; };
		6D5A86B519AE5C710066C1FD /* NYUCodebase-Info.plist */ = {isa = PBXFileReference; lastKnownFileType = text.plist.xml; path = "NYUCodebase-Info.plist"; sourceTree = "<group>"; };
		6D5A86B719AE5C710066C1FD /* en */ = {isa = PBXFileReference; lastKnownFileType = text.plist.strings; name = en; path = en.lproj/InfoPlist.strings; sourceTree = "<group>"; };
		6D5A86B919AE5C710066C1FD /* main.cpp */ = {isa = PBXFileReference; lastKnownFileType = sourcecode.cpp.cpp; path = main.cpp; sourceTree = "<group>"; };
		6D5A86BD19AE5C710066C1FD /* en */ = {isa = PBXFileReference; lastKnownFileType = text.rtf; name = en; path = en.lproj/Credits.rtf; sourceTree = "<group>"; };
		6D5A86C519AE5C710066C1FD /* Images.xcassets */ = {isa = PBXFileReference; lastKnownFileType = folder.assetcatalog; path = Images.xcassets; sourceTree = "<group>"; };
		6D5A86D319AE5C710066C1FD /* NYUCodebaseTests-Info.plist */ = {isa = PBXFileReference; lastKnownFileType = text.plist.xml; path = "NYUCodebaseTests-Info.plist"; sourceTree = "<group>"; };
		6D5A86D519AE5C710066C1FD /* en */ = {isa = PBXFileReference; lastKnownFileType = text.plist.strings; name = en; path = en.lproj/InfoPlist.strings; sourceTree = "<group>"; };
		6D5A86E219AE5CD10066C1FD /* SDL2.framework */ = {isa = PBXFileReference; lastKnownFileType = wrapper.framework; name = SDL2.framework; path = ../../../../../../../../Library/Frameworks/SDL2.framework; sourceTree = "<group>"; };
		6D5AC2CF19AE6280004CB1BF /* OpenGL.framework */ = {isa = PBXFileReference; lastKnownFileType = wrapper.framework; name = OpenGL.framework; path = System/Library/Frameworks/OpenGL.framework; sourceTree = SDKROOT; };
		6D5AC2D119AE6A1E004CB1BF /* SDL2_image.framework */ = {isa = PBXFileReference; lastKnownFileType = wrapper.framework; name = SDL2_image.framework; path = ../../../../../../../../Library/Frameworks/SDL2_image.framework; sourceTree = "<group>"; };
		6DC707691BA7273500225B7D /* vertex_textured.glsl */ = {isa = PBXFileReference; fileEncoding = 4; lastKnownFileType = text; path = vertex_textured.glsl; sourceTree = "<group>"; };
		6DE9D2F01BA6AB8C002D599C /* fragment_textured.glsl */ = {isa = PBXFileReference; fileEncoding = 4; lastKnownFileType = text; path = fragment_textured.glsl; sourceTree = "<group>"; };
		6DEF23BB1B96CC2600BCE792 /* fragment.glsl */ = {isa = PBXFileReference; fileEncoding = 4; lastKnownFileType = text; path = fragment.glsl; sourceTree = "<group>"; };
		6DEF23BC1B96CC2600BCE792 /* Matrix.cpp */ = {isa = PBXFileReference; fileEncoding = 4; lastKnownFileType = sourcecode.cpp.cpp; path = Matrix.cpp; sourceTree = "<group>"; };
		6DEF23BD1B96CC2600BCE792 /* Matrix.h */ = {isa = PBXFileReference; fileEncoding = 4; lastKnownFileType = sourcecode.c.h; path = Matrix.h; sourceTree = "<group>"; };
		6DEF23BE1B96CC2600BCE792 /* ShaderProgram.cpp */ = {isa = PBXFileReference; fileEncoding = 4; lastKnownFileType = sourcecode.cpp.cpp; path = ShaderProgram.cpp; sourceTree = "<group>"; };
		6DEF23BF1B96CC2600BCE792 /* ShaderProgram.h */ = {isa = PBXFileReference; fileEncoding = 4; lastKnownFileType = sourcecode.c.h; path = ShaderProgram.h; sourceTree = "<group>"; };
		6DEF23C01B96CC2600BCE792 /* vertex.glsl */ = {isa = PBXFileReference; fileEncoding = 4; lastKnownFileType = text; path = vertex.glsl; sourceTree = "<group>"; };
/* End PBXFileReference section */

/* Begin PBXFrameworksBuildPhase section */
		6D5A86A719AE5C710066C1FD /* Frameworks */ = {
			isa = PBXFrameworksBuildPhase;
			buildActionMask = 2147483647;
			files = (
				6D5AC2D019AE6280004CB1BF /* OpenGL.framework in Frameworks */,
				4AA234C71EB28DF00044AB3D /* SDL2_mixer.framework in Frameworks */,
				6D5A86AE19AE5C710066C1FD /* Cocoa.framework in Frameworks */,
				6D5A86E319AE5CD10066C1FD /* SDL2.framework in Frameworks */,
				6D5AC2D219AE6A1E004CB1BF /* SDL2_image.framework in Frameworks */,
			);
			runOnlyForDeploymentPostprocessing = 0;
		};
/* End PBXFrameworksBuildPhase section */

/* Begin PBXGroup section */
		6D5A86A119AE5C710066C1FD = {
			isa = PBXGroup;
			children = (
				6D5A86B319AE5C710066C1FD /* NYUCodebase */,
				6D5A86D119AE5C710066C1FD /* NYUCodebaseTests */,
				6D5A86AC19AE5C710066C1FD /* Frameworks */,
				6D5A86AB19AE5C710066C1FD /* Products */,
			);
			sourceTree = "<group>";
		};
		6D5A86AB19AE5C710066C1FD /* Products */ = {
			isa = PBXGroup;
			children = (
				6D5A86AA19AE5C710066C1FD /* NYUCodebase.app */,
			);
			name = Products;
			sourceTree = "<group>";
		};
		6D5A86AC19AE5C710066C1FD /* Frameworks */ = {
			isa = PBXGroup;
			children = (
				4AA234C61EB28DF00044AB3D /* SDL2_mixer.framework */,
				6D5AC2D119AE6A1E004CB1BF /* SDL2_image.framework */,
				6D5AC2CF19AE6280004CB1BF /* OpenGL.framework */,
				6D5A86E219AE5CD10066C1FD /* SDL2.framework */,
				6D5A86AD19AE5C710066C1FD /* Cocoa.framework */,
				6D5A86AF19AE5C710066C1FD /* Other Frameworks */,
			);
			name = Frameworks;
			sourceTree = "<group>";
		};
		6D5A86AF19AE5C710066C1FD /* Other Frameworks */ = {
			isa = PBXGroup;
			children = (
				6D5A86B019AE5C710066C1FD /* AppKit.framework */,
				6D5A86B119AE5C710066C1FD /* CoreData.framework */,
				6D5A86B219AE5C710066C1FD /* Foundation.framework */,
			);
			name = "Other Frameworks";
			sourceTree = "<group>";
		};
		6D5A86B319AE5C710066C1FD /* NYUCodebase */ = {
			isa = PBXGroup;
			children = (
				6D5A86E119AE5CAA0066C1FD /* Code */,
				6D5A86B419AE5C710066C1FD /* Supporting Files */,
			);
			path = NYUCodebase;
			sourceTree = "<group>";
		};
		6D5A86B419AE5C710066C1FD /* Supporting Files */ = {
			isa = PBXGroup;
			children = (
				6D5A86C519AE5C710066C1FD /* Images.xcassets */,
				6D5A86B519AE5C710066C1FD /* NYUCodebase-Info.plist */,
				6D5A86B619AE5C710066C1FD /* InfoPlist.strings */,
				6D5A86BC19AE5C710066C1FD /* Credits.rtf */,
			);
			name = "Supporting Files";
			sourceTree = "<group>";
		};
		6D5A86D119AE5C710066C1FD /* NYUCodebaseTests */ = {
			isa = PBXGroup;
			children = (
				6D5A86D219AE5C710066C1FD /* Supporting Files */,
			);
			path = NYUCodebaseTests;
			sourceTree = "<group>";
		};
		6D5A86D219AE5C710066C1FD /* Supporting Files */ = {
			isa = PBXGroup;
			children = (
				6D5A86D319AE5C710066C1FD /* NYUCodebaseTests-Info.plist */,
				6D5A86D419AE5C710066C1FD /* InfoPlist.strings */,
			);
			name = "Supporting Files";
			sourceTree = "<group>";
		};
		6D5A86E119AE5CAA0066C1FD /* Code */ = {
			isa = PBXGroup;
			children = (
				6DEF23BB1B96CC2600BCE792 /* fragment.glsl */,
				6DE9D2F01BA6AB8C002D599C /* fragment_textured.glsl */,
				6DC707691BA7273500225B7D /* vertex_textured.glsl */,
				6DEF23BC1B96CC2600BCE792 /* Matrix.cpp */,
				6DEF23BD1B96CC2600BCE792 /* Matrix.h */,
				4AA234C81EB28F0C0044AB3D /* SDL_mixer.h */,
				6DEF23BE1B96CC2600BCE792 /* ShaderProgram.cpp */,
				6DEF23BF1B96CC2600BCE792 /* ShaderProgram.h */,
				6DEF23C01B96CC2600BCE792 /* vertex.glsl */,
				6D5A86B919AE5C710066C1FD /* main.cpp */,
				4AA89A701EC77AFE00BF815F /* backGround.png */,
				4AA234CF1EB291160044AB3D /* elemental.mp3 */,
				4AA234CD1EB28FF90044AB3D /* elemental.wav */,
				4AA89A6E1EC7649200BF815F /* cue.wav */,
				4AA234C91EB28F790044AB3D /* shoot.wav */,
				4AA234CB1EB28F8D0044AB3D /* fireCombo.wav */,
				4AA89A521EC445F500BF815F /* barVertical.png */,
				4AA89A681EC72A1300BF815F /* winnerSquare.png */,
				4AA89A6C1EC759B100BF815F /* flame.png */,
				4AA89A541EC4F2D200BF815F /* 1.png */,
				4AA89A561EC4F2D900BF815F /* 2.png */,
				4AA89A581EC4F2DD00BF815F /* 3.png */,
				4AA89A641EC51E3C00BF815F /* 4.png */,
				4AA89A601EC51E3000BF815F /* 5.png */,
				4AA89A5E1EC4F2F300BF815F /* 0.png */,
				4AA89A501EC4406C00BF815F /* cyanWall.png */,
				4A6E680B1E6FFCCE0031B26F /* font2.png */,
				4AA89A381EC4288900BF815F /* airBall.png */,
				4AA89A3A1EC4288900BF815F /* fireBall.png */,
				4AA89A3B1EC4288900BF815F /* iceBall.png */,
				4AA89A441EC42EBE00BF815F /* airCue.png */,
				4AA89A461EC42EBE00BF815F /* fireCue.png */,
				4AA89A471EC42EBE00BF815F /* iceCue.png */,
				4AA89A481EC42EBE00BF815F /* lightningCue.png */,
				4AA89A3C1EC4288900BF815F /* lightningBall.png */,
				4A1C4FDB1E5CD47300797814 /* frozenOrb.png */,
				4A6E68091E6F47F60031B26F /* spriteSheet.png */,
			);
			name = Code;
			sourceTree = "<group>";
		};
/* End PBXGroup section */

/* Begin PBXNativeTarget section */
		6D5A86A919AE5C710066C1FD /* NYUCodebase */ = {
			isa = PBXNativeTarget;
			buildConfigurationList = 6D5A86DB19AE5C710066C1FD /* Build configuration list for PBXNativeTarget "NYUCodebase" */;
			buildPhases = (
				6D5A86A619AE5C710066C1FD /* Sources */,
				6D5A86A719AE5C710066C1FD /* Frameworks */,
				6D5A86A819AE5C710066C1FD /* Resources */,
			);
			buildRules = (
			);
			dependencies = (
			);
			name = NYUCodebase;
			productName = NYUCodebase;
			productReference = 6D5A86AA19AE5C710066C1FD /* NYUCodebase.app */;
			productType = "com.apple.product-type.application";
		};
/* End PBXNativeTarget section */

/* Begin PBXProject section */
		6D5A86A219AE5C710066C1FD /* Project object */ = {
			isa = PBXProject;
			attributes = {
				CLASSPREFIX = NYUCB;
				LastUpgradeCheck = 0510;
				ORGANIZATIONNAME = "Ivan Safrin";
			};
			buildConfigurationList = 6D5A86A519AE5C710066C1FD /* Build configuration list for PBXProject "NYUCodebase" */;
			compatibilityVersion = "Xcode 3.2";
			developmentRegion = English;
			hasScannedForEncodings = 0;
			knownRegions = (
				en,
				Base,
			);
			mainGroup = 6D5A86A119AE5C710066C1FD;
			productRefGroup = 6D5A86AB19AE5C710066C1FD /* Products */;
			projectDirPath = "";
			projectRoot = "";
			targets = (
				6D5A86A919AE5C710066C1FD /* NYUCodebase */,
			);
		};
/* End PBXProject section */

/* Begin PBXResourcesBuildPhase section */
		6D5A86A819AE5C710066C1FD /* Resources */ = {
			isa = PBXResourcesBuildPhase;
			buildActionMask = 2147483647;
			files = (
				4AA89A651EC51E3C00BF815F /* 4.png in Resources */,
				4AA89A5F1EC4F2F300BF815F /* 0.png in Resources */,
				4AA89A3E1EC4288900BF815F /* airBall.png in Resources */,
				4AA234D01EB291160044AB3D /* elemental.mp3 in Resources */,
				4AA89A6F1EC7649200BF815F /* cue.wav in Resources */,
				6D5A86B819AE5C710066C1FD /* InfoPlist.strings in Resources */,
				6DEF23C11B96CC2600BCE792 /* fragment.glsl in Resources */,
				4AA89A691EC72A1300BF815F /* winnerSquare.png in Resources */,
				6DE9D2F11BA6AB8C002D599C /* fragment_textured.glsl in Resources */,
				4AA234CC1EB28F8D0044AB3D /* fireCombo.wav in Resources */,
				4AA89A571EC4F2D900BF815F /* 2.png in Resources */,
				4AA89A411EC4288900BF815F /* iceBall.png in Resources */,
				4A1C4FDC1E5CD47300797814 /* frozenOrb.png in Resources */,
				4AA89A4A1EC42EBE00BF815F /* airCue.png in Resources */,
				4A6E680C1E6FFCCE0031B26F /* font2.png in Resources */,
				4AA89A4C1EC42EBE00BF815F /* fireCue.png in Resources */,
				4AA89A4D1EC42EBE00BF815F /* iceCue.png in Resources */,
				4AA89A551EC4F2D200BF815F /* 1.png in Resources */,
				4AA89A401EC4288900BF815F /* fireBall.png in Resources */,
				4AA234CA1EB28F790044AB3D /* shoot.wav in Resources */,
				4AA89A6D1EC759B100BF815F /* flame.png in Resources */,
				4AA89A511EC4406C00BF815F /* cyanWall.png in Resources */,
				4AA234CE1EB28FF90044AB3D /* elemental.wav in Resources */,
				6D5A86C619AE5C710066C1FD /* Images.xcassets in Resources */,
				4A6E680A1E6F47F60031B26F /* spriteSheet.png in Resources */,
				6D5A86BE19AE5C710066C1FD /* Credits.rtf in Resources */,
				4AA89A531EC445F600BF815F /* barVertical.png in Resources */,
				4AA89A591EC4F2DD00BF815F /* 3.png in Resources */,
				4AA89A421EC4288900BF815F /* lightningBall.png in Resources */,
				6DEF23C41B96CC2600BCE792 /* vertex.glsl in Resources */,
				4AA89A711EC77AFE00BF815F /* backGround.png in Resources */,
				6DC7076A1BA7273500225B7D /* vertex_textured.glsl in Resources */,
				4AA89A4E1EC42EBE00BF815F /* lightningCue.png in Resources */,
				4AA89A611EC51E3000BF815F /* 5.png in Resources */,
			);
			runOnlyForDeploymentPostprocessing = 0;
		};
/* End PBXResourcesBuildPhase section */

/* Begin PBXSourcesBuildPhase section */
		6D5A86A619AE5C710066C1FD /* Sources */ = {
			isa = PBXSourcesBuildPhase;
			buildActionMask = 2147483647;
			files = (
				6DEF23C31B96CC2600BCE792 /* ShaderProgram.cpp in Sources */,
				6DEF23C21B96CC2600BCE792 /* Matrix.cpp in Sources */,
				6D5A86BA19AE5C710066C1FD /* main.cpp in Sources */,
			);
			runOnlyForDeploymentPostprocessing = 0;
		};
/* End PBXSourcesBuildPhase section */

/* Begin PBXVariantGroup section */
		6D5A86B619AE5C710066C1FD /* InfoPlist.strings */ = {
			isa = PBXVariantGroup;
			children = (
				6D5A86B719AE5C710066C1FD /* en */,
			);
			name = InfoPlist.strings;
			sourceTree = "<group>";
		};
		6D5A86BC19AE5C710066C1FD /* Credits.rtf */ = {
			isa = PBXVariantGroup;
			children = (
				6D5A86BD19AE5C710066C1FD /* en */,
			);
			name = Credits.rtf;
			sourceTree = "<group>";
		};
		6D5A86D419AE5C710066C1FD /* InfoPlist.strings */ = {
			isa = PBXVariantGroup;
			children = (
				6D5A86D519AE5C710066C1FD /* en */,
			);
			name = InfoPlist.strings;
			sourceTree = "<group>";
		};
/* End PBXVariantGroup section */

/* Begin XCBuildConfiguration section */
		6D5A86D919AE5C710066C1FD /* Debug */ = {
			isa = XCBuildConfiguration;
			buildSettings = {
				ALWAYS_SEARCH_USER_PATHS = NO;
				CLANG_CXX_LANGUAGE_STANDARD = "gnu++0x";
				CLANG_CXX_LIBRARY = "libc++";
				CLANG_ENABLE_MODULES = YES;
				CLANG_ENABLE_OBJC_ARC = YES;
				CLANG_WARN_BOOL_CONVERSION = YES;
				CLANG_WARN_CONSTANT_CONVERSION = YES;
				CLANG_WARN_DIRECT_OBJC_ISA_USAGE = YES_ERROR;
				CLANG_WARN_EMPTY_BODY = YES;
				CLANG_WARN_ENUM_CONVERSION = YES;
				CLANG_WARN_INT_CONVERSION = YES;
				CLANG_WARN_OBJC_ROOT_CLASS = YES_ERROR;
				CLANG_WARN__DUPLICATE_METHOD_MATCH = YES;
				COPY_PHASE_STRIP = NO;
				GCC_C_LANGUAGE_STANDARD = gnu99;
				GCC_DYNAMIC_NO_PIC = NO;
				GCC_ENABLE_OBJC_EXCEPTIONS = YES;
				GCC_OPTIMIZATION_LEVEL = 0;
				GCC_PREPROCESSOR_DEFINITIONS = (
					"DEBUG=1",
					"$(inherited)",
				);
				GCC_SYMBOLS_PRIVATE_EXTERN = NO;
				GCC_WARN_64_TO_32_BIT_CONVERSION = YES;
				GCC_WARN_ABOUT_RETURN_TYPE = YES_ERROR;
				GCC_WARN_UNDECLARED_SELECTOR = YES;
				GCC_WARN_UNINITIALIZED_AUTOS = YES_AGGRESSIVE;
				GCC_WARN_UNUSED_FUNCTION = YES;
				GCC_WARN_UNUSED_VARIABLE = YES;
				MACOSX_DEPLOYMENT_TARGET = 10.9;
				ONLY_ACTIVE_ARCH = YES;
				SDKROOT = macosx;
			};
			name = Debug;
		};
		6D5A86DA19AE5C710066C1FD /* Release */ = {
			isa = XCBuildConfiguration;
			buildSettings = {
				ALWAYS_SEARCH_USER_PATHS = NO;
				CLANG_CXX_LANGUAGE_STANDARD = "gnu++0x";
				CLANG_CXX_LIBRARY = "libc++";
				CLANG_ENABLE_MODULES = YES;
				CLANG_ENABLE_OBJC_ARC = YES;
				CLANG_WARN_BOOL_CONVERSION = YES;
				CLANG_WARN_CONSTANT_CONVERSION = YES;
				CLANG_WARN_DIRECT_OBJC_ISA_USAGE = YES_ERROR;
				CLANG_WARN_EMPTY_BODY = YES;
				CLANG_WARN_ENUM_CONVERSION = YES;
				CLANG_WARN_INT_CONVERSION = YES;
				CLANG_WARN_OBJC_ROOT_CLASS = YES_ERROR;
				CLANG_WARN__DUPLICATE_METHOD_MATCH = YES;
				COPY_PHASE_STRIP = YES;
				DEBUG_INFORMATION_FORMAT = "dwarf-with-dsym";
				ENABLE_NS_ASSERTIONS = NO;
				GCC_C_LANGUAGE_STANDARD = gnu99;
				GCC_ENABLE_OBJC_EXCEPTIONS = YES;
				GCC_WARN_64_TO_32_BIT_CONVERSION = YES;
				GCC_WARN_ABOUT_RETURN_TYPE = YES_ERROR;
				GCC_WARN_UNDECLARED_SELECTOR = YES;
				GCC_WARN_UNINITIALIZED_AUTOS = YES_AGGRESSIVE;
				GCC_WARN_UNUSED_FUNCTION = YES;
				GCC_WARN_UNUSED_VARIABLE = YES;
				MACOSX_DEPLOYMENT_TARGET = 10.9;
				SDKROOT = macosx;
			};
			name = Release;
		};
		6D5A86DC19AE5C710066C1FD /* Debug */ = {
			isa = XCBuildConfiguration;
			buildSettings = {
				ASSETCATALOG_COMPILER_APPICON_NAME = AppIcon;
				COMBINE_HIDPI_IMAGES = YES;
				FRAMEWORK_SEARCH_PATHS = (
					"$(inherited)",
					"$(LOCAL_LIBRARY_DIR)/Frameworks",
					"$(PROJECT_DIR)",
				);
				GCC_PRECOMPILE_PREFIX_HEADER = YES;
				GCC_PREFIX_HEADER = "";
				HEADER_SEARCH_PATHS = (
					"$(inherited)",
					/Applications/Xcode.app/Contents/Developer/Toolchains/XcodeDefault.xctoolchain/usr/include,
					/Library/Frameworks/SDL2_image.framework/Versions/A/Headers,
					/Library/Frameworks/SDL2.framework/Versions/A/Headers,
				);
				INFOPLIST_FILE = "NYUCodebase/NYUCodebase-Info.plist";
				PRODUCT_NAME = "$(TARGET_NAME)";
				WRAPPER_EXTENSION = app;
			};
			name = Debug;
		};
		6D5A86DD19AE5C710066C1FD /* Release */ = {
			isa = XCBuildConfiguration;
			buildSettings = {
				ASSETCATALOG_COMPILER_APPICON_NAME = AppIcon;
				COMBINE_HIDPI_IMAGES = YES;
				FRAMEWORK_SEARCH_PATHS = (
					"$(inherited)",
					"$(LOCAL_LIBRARY_DIR)/Frameworks",
					"$(PROJECT_DIR)",
				);
				GCC_PRECOMPILE_PREFIX_HEADER = YES;
				GCC_PREFIX_HEADER = "";
				HEADER_SEARCH_PATHS = (
					"$(inherited)",
					/Applications/Xcode.app/Contents/Developer/Toolchains/XcodeDefault.xctoolchain/usr/include,
					/Library/Frameworks/SDL2_image.framework/Versions/A/Headers,
					/Library/Frameworks/SDL2.framework/Versions/A/Headers,
				);
				INFOPLIST_FILE = "NYUCodebase/NYUCodebase-Info.plist";
				PRODUCT_NAME = "$(TARGET_NAME)";
				WRAPPER_EXTENSION = app;
			};
			name = Release;
		};
/* End XCBuildConfiguration section */

/* Begin XCConfigurationList section */
		6D5A86A519AE5C710066C1FD /* Build configuration list for PBXProject "NYUCodebase" */ = {
			isa = XCConfigurationList;
			buildConfigurations = (
				6D5A86D919AE5C710066C1FD /* Debug */,
				6D5A86DA19AE5C710066C1FD /* Release */,
			);
			defaultConfigurationIsVisible = 0;
			defaultConfigurationName = Release;
		};
		6D5A86DB19AE5C710066C1FD /* Build configuration list for PBXNativeTarget "NYUCodebase" */ = {
			isa = XCConfigurationList;
			buildConfigurations = (
				6D5A86DC19AE5C710066C1FD /* Debug */,
				6D5A86DD19AE5C710066C1FD /* Release */,
			);
			defaultConfigurationIsVisible = 0;
			defaultConfigurationName = Release;
		};
/* End XCConfigurationList section */
	};
	rootObject = 6D5A86A219AE5C710066C1FD /* Project object */;
}
